
Microsoft Visual Studio Solution File, Format Version 12.00
# Visual Studio 15
VisualStudioVersion = 15.0.27130.0
MinimumVisualStudioVersion = 10.0.40219.1
Project("{FAE04EC0-301F-11D3-BF4B-00C04F79EFBC}") = "Wap01", "Wap01\Wap01.csproj", "{9194AD3D-3575-4C76-850B-11BA14072BB3}"
EndProject
Global
	GlobalSection(SolutionConfigurationPlatforms) = preSolution
		Debug|Any CPU = Debug|Any CPU
		Release|Any CPU = Release|Any CPU
	EndGlobalSection
	GlobalSection(ProjectConfigurationPlatforms) = postSolution
		{9194AD3D-3575-4C76-850B-11BA14072BB3}.Debug|Any CPU.ActiveCfg = Debug|Any CPU
		{9194AD3D-3575-4C76-850B-11BA14072BB3}.Debug|Any CPU.Build.0 = Debug|Any CPU
		{9194AD3D-3575-4C76-850B-11BA14072BB3}.Release|Any CPU.ActiveCfg = Release|Any CPU
		{9194AD3D-3575-4C76-850B-11BA14072BB3}.Release|Any CPU.Build.0 = Release|Any CPU
	EndGlobalSection
	GlobalSection(SolutionProperties) = preSolution
		HideSolutionNode = FALSE
	EndGlobalSection
	GlobalSection(ExtensibilityGlobals) = postSolution
		SolutionGuid = {C750907E-8E25-46CA-8D58-87CB325D878E}
	EndGlobalSection
EndGlobal
